{
  "version": 1,
  "dependencies": {
    "net9.0-windows7.0": {
      "DalamudPackager": {
        "type": "Direct",
        "requested": "[12.0.0, )",
        "resolved": "12.0.0",
        "contentHash": "J5TJLV3f16T/E2H2P17ClWjtfEBPpq3yxvqW46eN36JCm6wR+EaoaYkqG9Rm5sHqs3/nK/vKjWWyvEs/jhKoXw=="
      },
      "DotNet.ReproducibleBuilds": {
        "type": "Direct",
        "requested": "[1.2.25, )",
        "resolved": "1.2.25",
        "contentHash": "xCXiw7BCxHJ8pF6wPepRUddlh2dlQlbr81gXA72hdk4FLHkKXas7EH/n+fk5UCA/YfMqG1Z6XaPiUjDbUNBUzg=="
      },
      "Microsoft.Windows.CsWin32": {
        "type": "Direct",
        "requested": "[0.3.106, )",
        "resolved": "0.3.106",
        "contentHash": "Mx5fK7uN6fwLR4wUghs6//HonAnwPBNmC2oonyJVhCUlHS/r6SUS3NkBc3+gaQiv+0/9bqdj1oSCKQFkNI+21Q==",
        "dependencies": {
          "Microsoft.Windows.SDK.Win32Docs": "0.1.42-alpha",
          "Microsoft.Windows.SDK.Win32Metadata": "60.0.34-preview",
          "Microsoft.Windows.WDK.Win32Metadata": "0.11.4-experimental"
        }
      },
      "Microsoft.Windows.SDK.Win32Docs": {
        "type": "Transitive",
        "resolved": "0.1.42-alpha",
        "contentHash": "Z/9po23gUA9aoukirh2ItMU2ZS9++Js9Gdds9fu5yuMojDrmArvY2y+tq9985tR3cxFxpZO1O35Wjfo0khj5HA=="
      },
      "Microsoft.Windows.SDK.Win32Metadata": {
        "type": "Transitive",
        "resolved": "60.0.34-preview",
        "contentHash": "TA3DUNi4CTeo+ItTXBnGZFt2159XOGSl0UOlG5vjDj4WHqZjhwYyyUnzOtrbCERiSaP2Hzg7otJNWwOSZgutyA=="
      },
      "Microsoft.Windows.WDK.Win32Metadata": {
        "type": "Transitive",
        "resolved": "0.11.4-experimental",
        "contentHash": "bf5MCmUyZf0gBlYQjx9UpRAZWBkRndyt9XicR+UNLvAUAFTZQbu6YaX/sNKZlR98Grn0gydfh/yT4I3vc0AIQA==",
        "dependencies": {
          "Microsoft.Windows.SDK.Win32Metadata": "60.0.34-preview"
        }
      },
      "PeNet": {
        "type": "Transitive",
        "resolved": "4.1.5",
        "contentHash": "XgPDrrm8in/oYPTp7hSLMNax+jfc2X6VoNsMuiFadGFDF8VBU+rLn7nI/0I5o1pflgt4Hh5JPo7u8PMCaFC1ug==",
        "dependencies": {
          "PeNet.Asn1": "2.0.1",
          "System.Security.Cryptography.Pkcs": "8.0.1"
        }
      },
      "PeNet.Asn1": {
        "type": "Transitive",
        "resolved": "2.0.1",
        "contentHash": "YR2O2YokSAYB+7CXkCDN3bd6/p0K3/AicCPkOJHKUz500v1D/hulCuVlggguqNc3M0LgSfOZKGvVYg2ud1GA9A=="
      },
      "System.Security.Cryptography.Pkcs": {
        "type": "Transitive",
        "resolved": "8.0.1",
        "contentHash": "CoCRHFym33aUSf/NtWSVSZa99dkd0Hm7OCZUxORBjRB16LNhIEOf8THPqzIYlvKM0nNDAPTRBa1FxEECrgaxxA=="
      },
      "unscrambler": {
        "type": "Project",
        "dependencies": {
          "PeNet": "[4.1.5, )"
        }
      }
    }
  }
}